
Microsoft Visual Studio Solution File, Format Version 12.00
# Visual Studio 2012
Project("{FAE04EC0-301F-11D3-BF4B-00C04F79EFBC}") = "gray_code", "gray_code\gray_code.csproj", "{B27F1B9F-0485-49BB-B69D-DDE9BF080218}"
EndProject
Global
	GlobalSection(SolutionConfigurationPlatforms) = preSolution
		Debug|Any CPU = Debug|Any CPU
		Release|Any CPU = Release|Any CPU
	EndGlobalSection
	GlobalSection(ProjectConfigurationPlatforms) = postSolution
		{B27F1B9F-0485-49BB-B69D-DDE9BF080218}.Debug|Any CPU.ActiveCfg = Debug|Any CPU
		{B27F1B9F-0485-49BB-B69D-DDE9BF080218}.Debug|Any CPU.Build.0 = Debug|Any CPU
		{B27F1B9F-0485-49BB-B69D-DDE9BF080218}.Release|Any CPU.ActiveCfg = Release|Any CPU
		{B27F1B9F-0485-49BB-B69D-DDE9BF080218}.Release|Any CPU.Build.0 = Release|Any CPU
	EndGlobalSection
EndGlobal
